
Microsoft Visual Studio Solution File, Format Version 12.00
# Visual Studio Version 17
VisualStudioVersion = 17.12.35707.178
MinimumVisualStudioVersion = 10.0.40219.1
Project("{FAE04EC0-301F-11D3-BF4B-00C04F79EFBC}") = "Example_01", "Example_01\Example_01.csproj", "{B3EE8357-66D3-483E-8F2F-2EE8BD15AB37}"
EndProject
Project("{FAE04EC0-301F-11D3-BF4B-00C04F79EFBC}") = "Example_02", "Example_02\Example_02.csproj", "{D6F8999B-A8FC-4603-AF39-4915DAEA6FC5}"
EndProject
Project("{FAE04EC0-301F-11D3-BF4B-00C04F79EFBC}") = "Example_03", "Example_03\Example_03.csproj", "{51DCD8C0-430C-4273-A861-48DBF8397F63}"
EndProject
Global
	GlobalSection(SolutionConfigurationPlatforms) = preSolution
		Debug|Any CPU = Debug|Any CPU
		Release|Any CPU = Release|Any CPU
	EndGlobalSection
	GlobalSection(ProjectConfigurationPlatforms) = postSolution
		{B3EE8357-66D3-483E-8F2F-2EE8BD15AB37}.Debug|Any CPU.ActiveCfg = Debug|Any CPU
		{B3EE8357-66D3-483E-8F2F-2EE8BD15AB37}.Debug|Any CPU.Build.0 = Debug|Any CPU
		{B3EE8357-66D3-483E-8F2F-2EE8BD15AB37}.Release|Any CPU.ActiveCfg = Release|Any CPU
		{B3EE8357-66D3-483E-8F2F-2EE8BD15AB37}.Release|Any CPU.Build.0 = Release|Any CPU
		{D6F8999B-A8FC-4603-AF39-4915DAEA6FC5}.Debug|Any CPU.ActiveCfg = Debug|Any CPU
		{D6F8999B-A8FC-4603-AF39-4915DAEA6FC5}.Debug|Any CPU.Build.0 = Debug|Any CPU
		{D6F8999B-A8FC-4603-AF39-4915DAEA6FC5}.Release|Any CPU.ActiveCfg = Release|Any CPU
		{D6F8999B-A8FC-4603-AF39-4915DAEA6FC5}.Release|Any CPU.Build.0 = Release|Any CPU
		{51DCD8C0-430C-4273-A861-48DBF8397F63}.Debug|Any CPU.ActiveCfg = Debug|Any CPU
		{51DCD8C0-430C-4273-A861-48DBF8397F63}.Debug|Any CPU.Build.0 = Debug|Any CPU
		{51DCD8C0-430C-4273-A861-48DBF8397F63}.Release|Any CPU.ActiveCfg = Release|Any CPU
		{51DCD8C0-430C-4273-A861-48DBF8397F63}.Release|Any CPU.Build.0 = Release|Any CPU
	EndGlobalSection
	GlobalSection(SolutionProperties) = preSolution
		HideSolutionNode = FALSE
	EndGlobalSection
EndGlobal
